{
  "name": "notefinder",
  "lockfileVersion": 3,
  "requires": true,
  "packages": {
    "": {
      "dependencies": {
        "@moonwave99/fretboard.js": "^0.2.13"
      }
    },
    "node_modules/@moonwave99/fretboard.js": {
      "version": "0.2.13",
      "resolved": "https://registry.npmjs.org/@moonwave99/fretboard.js/-/fretboard.js-0.2.13.tgz",
      "integrity": "sha512-ON/PklMVbD3fXa8CXvdw4FS+2yJ50SD9GglhC4r2bhRLeglKU+ofcGrZXCVLhnAAYoXyVYDU9Ib1rYRIv+nkzQ==",
      "license": "ISC",
      "dependencies": {
        "@tonaljs/interval": "^4.5.1",
        "@tonaljs/mode": "^4.5.1",
        "@tonaljs/note": "^4.6.0",
        "@tonaljs/scale": "^4.6.0",
        "change-case": "^4.1.2",
        "d3-selection": "^1.4.1",
        "throttle-debounce": "^2.2.1"
      }
    },
    "node_modules/@tonaljs/chord-type": {
      "version": "5.1.0",
      "resolved": "https://registry.npmjs.org/@tonaljs/chord-type/-/chord-type-5.1.0.tgz",
      "integrity": "sha512-39/SRnhgvElvWHQH1mkOxkQvDodz7HRkPeIL2rjFV3JL57ve38Ws+y9bjbkKCbD474jF0SQ9V+Xga3d/Mccz5g==",
      "license": "MIT",
      "dependencies": {
        "@tonaljs/pcset": "4.10.0"
      }
    },
    "node_modules/@tonaljs/collection": {
      "version": "4.9.0",
      "resolved": "https://registry.npmjs.org/@tonaljs/collection/-/collection-4.9.0.tgz",
      "integrity": "sha512-Mk0h7O54nT6PgNVcUYauzxa5KOB23+0AOKudWzRH7JhJIN9vhVIC7PtwZXE+/G051UTbHSFIcN/afkgF4nB/8A==",
      "license": "MIT"
    },
    "node_modules/@tonaljs/interval": {
      "version": "4.8.2",
      "resolved": "https://registry.npmjs.org/@tonaljs/interval/-/interval-4.8.2.tgz",
      "integrity": "sha512-9SEuJuqFdmu9lnvMmJtxbReQcQvZ1YHXhCcxaF6Re23/w+BqiJvvkvNZhfWH+n1+g0uaSdTsuvMfamp7hAvPMw==",
      "license": "MIT",
      "dependencies": {
        "@tonaljs/pitch": "^5.0.1",
        "@tonaljs/pitch-distance": "^5.0.2",
        "@tonaljs/pitch-interval": "^5.0.2"
      }
    },
    "node_modules/@tonaljs/midi": {
      "version": "4.10.0",
      "resolved": "https://registry.npmjs.org/@tonaljs/midi/-/midi-4.10.0.tgz",
      "integrity": "sha512-LjwEzcBwJSNMLD+qDwVBWvkmIOAs59TPdlTQlooP3S1Au0jy7T+bZeIbBKtLEcDG14S2zyYZEZ1Mo+cxcumMmg==",
      "license": "MIT",
      "dependencies": {
        "@tonaljs/pitch-note": "6.0.0"
      }
    },
    "node_modules/@tonaljs/mode": {
      "version": "4.9.0",
      "resolved": "https://registry.npmjs.org/@tonaljs/mode/-/mode-4.9.0.tgz",
      "integrity": "sha512-e1MtDfEMZPcWOuaKW2wbgisAmeptTZq1UDm4RU03inqgggnpsiaJC/NI9sbmTdO4XtAL/JGPgSxm4uB5KWxx8w==",
      "license": "MIT",
      "dependencies": {
        "@tonaljs/collection": "4.9.0",
        "@tonaljs/interval": "5.1.0",
        "@tonaljs/pcset": "4.10.0",
        "@tonaljs/pitch-distance": "5.0.4",
        "@tonaljs/pitch-note": "6.0.0",
        "@tonaljs/scale-type": "4.9.0"
      }
    },
    "node_modules/@tonaljs/mode/node_modules/@tonaljs/interval": {
      "version": "5.1.0",
      "resolved": "https://registry.npmjs.org/@tonaljs/interval/-/interval-5.1.0.tgz",
      "integrity": "sha512-GR9dUjn0j7yhjwjRh8HQxZYXOiVl05WfY3AFyMB9rfg807K4dSJmWfPTULPQXyHJ6NiZOPXcwRs8MxMLDxgdbg==",
      "license": "MIT",
      "dependencies": {
        "@tonaljs/pitch": "^5.0.2",
        "@tonaljs/pitch-distance": "^5.0.4",
        "@tonaljs/pitch-interval": "^6.0.0"
      }
    },
    "node_modules/@tonaljs/mode/node_modules/@tonaljs/pitch-interval": {
      "version": "6.0.0",
      "resolved": "https://registry.npmjs.org/@tonaljs/pitch-interval/-/pitch-interval-6.0.0.tgz",
      "integrity": "sha512-0iaFWbgshYWjfmdxzF8jNmTqsNK2krwn+FqDRZb8vEsfaSNC8Jek0f5wYcE2to+7f0P5jJlJnj8CUGvlfKIT5A==",
      "license": "MIT",
      "dependencies": {
        "@tonaljs/pitch": "5.0.2"
      }
    },
    "node_modules/@tonaljs/note": {
      "version": "4.11.0",
      "resolved": "https://registry.npmjs.org/@tonaljs/note/-/note-4.11.0.tgz",
      "integrity": "sha512-KJjtMaJ4Bc0wquFlKFDHk6RBrzHwHPgSvklqWSmhgxbklqQt+70wPn5RVwcJqNc5qnmZce+uvATwl+QVBXMCLQ==",
      "license": "MIT",
      "dependencies": {
        "@tonaljs/midi": "4.10.0",
        "@tonaljs/pitch": "5.0.2",
        "@tonaljs/pitch-distance": "5.0.4",
        "@tonaljs/pitch-interval": "6.0.0",
        "@tonaljs/pitch-note": "6.0.0"
      }
    },
    "node_modules/@tonaljs/note/node_modules/@tonaljs/pitch-interval": {
      "version": "6.0.0",
      "resolved": "https://registry.npmjs.org/@tonaljs/pitch-interval/-/pitch-interval-6.0.0.tgz",
      "integrity": "sha512-0iaFWbgshYWjfmdxzF8jNmTqsNK2krwn+FqDRZb8vEsfaSNC8Jek0f5wYcE2to+7f0P5jJlJnj8CUGvlfKIT5A==",
      "license": "MIT",
      "dependencies": {
        "@tonaljs/pitch": "5.0.2"
      }
    },
    "node_modules/@tonaljs/pcset": {
      "version": "4.10.0",
      "resolved": "https://registry.npmjs.org/@tonaljs/pcset/-/pcset-4.10.0.tgz",
      "integrity": "sha512-kGiGDpN/fhJGJoILnNJIQqt2vpk8EkcXFtRvs3PaDfaMphtQ7Hd03d2zIhcEEShbCtaXUSeSwbCepwoGqt4WRw==",
      "license": "MIT",
      "dependencies": {
        "@tonaljs/collection": "4.9.0",
        "@tonaljs/pitch": "5.0.2",
        "@tonaljs/pitch-distance": "5.0.4",
        "@tonaljs/pitch-interval": "6.0.0",
        "@tonaljs/pitch-note": "6.0.0"
      }
    },
    "node_modules/@tonaljs/pcset/node_modules/@tonaljs/pitch-interval": {
      "version": "6.0.0",
      "resolved": "https://registry.npmjs.org/@tonaljs/pitch-interval/-/pitch-interval-6.0.0.tgz",
      "integrity": "sha512-0iaFWbgshYWjfmdxzF8jNmTqsNK2krwn+FqDRZb8vEsfaSNC8Jek0f5wYcE2to+7f0P5jJlJnj8CUGvlfKIT5A==",
      "license": "MIT",
      "dependencies": {
        "@tonaljs/pitch": "5.0.2"
      }
    },
    "node_modules/@tonaljs/pitch": {
      "version": "5.0.2",
      "resolved": "https://registry.npmjs.org/@tonaljs/pitch/-/pitch-5.0.2.tgz",
      "integrity": "sha512-mxaXJPPe+LIJdjzpZEl8I8Wx3dEvlzkBbsr2Ltwc2dTAdnErAZ5R0TxVq2egF27lMvQN2QPQPWI9iDPPdVUmrg==",
      "license": "MIT"
    },
    "node_modules/@tonaljs/pitch-distance": {
      "version": "5.0.4",
      "resolved": "https://registry.npmjs.org/@tonaljs/pitch-distance/-/pitch-distance-5.0.4.tgz",
      "integrity": "sha512-c/Q/QpU0pE5QMxhf7VfP4p7C+gf5YfGt5mkwgMyQgpGNFSwQrKPPWSrWzArrFjJzejabUlDMREQyRU+Wj50iOQ==",
      "license": "MIT",
      "dependencies": {
        "@tonaljs/pitch": "5.0.2",
        "@tonaljs/pitch-interval": "6.0.0",
        "@tonaljs/pitch-note": "6.0.0"
      }
    },
    "node_modules/@tonaljs/pitch-distance/node_modules/@tonaljs/pitch-interval": {
      "version": "6.0.0",
      "resolved": "https://registry.npmjs.org/@tonaljs/pitch-interval/-/pitch-interval-6.0.0.tgz",
      "integrity": "sha512-0iaFWbgshYWjfmdxzF8jNmTqsNK2krwn+FqDRZb8vEsfaSNC8Jek0f5wYcE2to+7f0P5jJlJnj8CUGvlfKIT5A==",
      "license": "MIT",
      "dependencies": {
        "@tonaljs/pitch": "5.0.2"
      }
    },
    "node_modules/@tonaljs/pitch-interval": {
      "version": "5.0.2",
      "resolved": "https://registry.npmjs.org/@tonaljs/pitch-interval/-/pitch-interval-5.0.2.tgz",
      "integrity": "sha512-bQmxeenRFNuuABs9mDc+bSUp3ySGw8I49pHMoGDdCcro9n3MDN8IsSwhvKoGOYErFMx76rNn1t+7WL8ukpvX5w==",
      "license": "MIT",
      "dependencies": {
        "@tonaljs/pitch": "5.0.1"
      }
    },
    "node_modules/@tonaljs/pitch-interval/node_modules/@tonaljs/pitch": {
      "version": "5.0.1",
      "resolved": "https://registry.npmjs.org/@tonaljs/pitch/-/pitch-5.0.1.tgz",
      "integrity": "sha512-5HYkF4hGY0jS2y5V3Hf5gNFXX46kT4cAcI7JLEn+qQb9N1dU9Gz9koI9di0mD1Tbam+kviceiCsJl4WX/FqYjA==",
      "license": "MIT"
    },
    "node_modules/@tonaljs/pitch-note": {
      "version": "6.0.0",
      "resolved": "https://registry.npmjs.org/@tonaljs/pitch-note/-/pitch-note-6.0.0.tgz",
      "integrity": "sha512-m4Ei7zwSsKwotVfnodA7m1SR7zD5NNIea+V7Mo35EcK32ZJBg+SvxdwgfNNdLO8bkDbVrZIgVYqeP3R3Jq7VFQ==",
      "license": "MIT",
      "dependencies": {
        "@tonaljs/pitch": "5.0.2"
      }
    },
    "node_modules/@tonaljs/scale": {
      "version": "4.13.0",
      "resolved": "https://registry.npmjs.org/@tonaljs/scale/-/scale-4.13.0.tgz",
      "integrity": "sha512-eCOoJlnjW542hCeW7yN61TEZkm7HTbBqdrug3Qx61o62tlwSwJF/nY00XgaTxWFpJFb9HEqAKuD7EUleqBnTYw==",
      "license": "MIT",
      "dependencies": {
        "@tonaljs/chord-type": "5.1.0",
        "@tonaljs/collection": "4.9.0",
        "@tonaljs/note": "4.11.0",
        "@tonaljs/pcset": "4.10.0",
        "@tonaljs/pitch-distance": "5.0.4",
        "@tonaljs/pitch-note": "6.0.0",
        "@tonaljs/scale-type": "4.9.0"
      }
    },
    "node_modules/@tonaljs/scale-type": {
      "version": "4.9.0",
      "resolved": "https://registry.npmjs.org/@tonaljs/scale-type/-/scale-type-4.9.0.tgz",
      "integrity": "sha512-8kp71+gLAgKkLKd78SrLbP9eUdt1xKY/1uchgG7vyL4itMixMo/3l+WRKcvb0+gX2+AM2/E+xeCjxrRU5jaVpw==",
      "license": "MIT",
      "dependencies": {
        "@tonaljs/pcset": "4.10.0"
      }
    },
    "node_modules/camel-case": {
      "version": "4.1.2",
      "resolved": "https://registry.npmjs.org/camel-case/-/camel-case-4.1.2.tgz",
      "integrity": "sha512-gxGWBrTT1JuMx6R+o5PTXMmUnhnVzLQ9SNutD4YqKtI6ap897t3tKECYla6gCWEkplXnlNybEkZg9GEGxKFCgw==",
      "license": "MIT",
      "dependencies": {
        "pascal-case": "^3.1.2",
        "tslib": "^2.0.3"
      }
    },
    "node_modules/capital-case": {
      "version": "1.0.4",
      "resolved": "https://registry.npmjs.org/capital-case/-/capital-case-1.0.4.tgz",
      "integrity": "sha512-ds37W8CytHgwnhGGTi88pcPyR15qoNkOpYwmMMfnWqqWgESapLqvDx6huFjQ5vqWSn2Z06173XNA7LtMOeUh1A==",
      "license": "MIT",
      "dependencies": {
        "no-case": "^3.0.4",
        "tslib": "^2.0.3",
        "upper-case-first": "^2.0.2"
      }
    },
    "node_modules/change-case": {
      "version": "4.1.2",
      "resolved": "https://registry.npmjs.org/change-case/-/change-case-4.1.2.tgz",
      "integrity": "sha512-bSxY2ws9OtviILG1EiY5K7NNxkqg/JnRnFxLtKQ96JaviiIxi7djMrSd0ECT9AC+lttClmYwKw53BWpOMblo7A==",
      "license": "MIT",
      "dependencies": {
        "camel-case": "^4.1.2",
        "capital-case": "^1.0.4",
        "constant-case": "^3.0.4",
        "dot-case": "^3.0.4",
        "header-case": "^2.0.4",
        "no-case": "^3.0.4",
        "param-case": "^3.0.4",
        "pascal-case": "^3.1.2",
        "path-case": "^3.0.4",
        "sentence-case": "^3.0.4",
        "snake-case": "^3.0.4",
        "tslib": "^2.0.3"
      }
    },
    "node_modules/constant-case": {
      "version": "3.0.4",
      "resolved": "https://registry.npmjs.org/constant-case/-/constant-case-3.0.4.tgz",
      "integrity": "sha512-I2hSBi7Vvs7BEuJDr5dDHfzb/Ruj3FyvFyh7KLilAjNQw3Be+xgqUBA2W6scVEcL0hL1dwPRtIqEPVUCKkSsyQ==",
      "license": "MIT",
      "dependencies": {
        "no-case": "^3.0.4",
        "tslib": "^2.0.3",
        "upper-case": "^2.0.2"
      }
    },
    "node_modules/d3-selection": {
      "version": "1.4.2",
      "resolved": "https://registry.npmjs.org/d3-selection/-/d3-selection-1.4.2.tgz",
      "integrity": "sha512-SJ0BqYihzOjDnnlfyeHT0e30k0K1+5sR3d5fNueCNeuhZTnGw4M4o8mqJchSwgKMXCNFo+e2VTChiSJ0vYtXkg==",
      "license": "BSD-3-Clause"
    },
    "node_modules/dot-case": {
      "version": "3.0.4",
      "resolved": "https://registry.npmjs.org/dot-case/-/dot-case-3.0.4.tgz",
      "integrity": "sha512-Kv5nKlh6yRrdrGvxeJ2e5y2eRUpkUosIW4A2AS38zwSz27zu7ufDwQPi5Jhs3XAlGNetl3bmnGhQsMtkKJnj3w==",
      "license": "MIT",
      "dependencies": {
        "no-case": "^3.0.4",
        "tslib": "^2.0.3"
      }
    },
    "node_modules/header-case": {
      "version": "2.0.4",
      "resolved": "https://registry.npmjs.org/header-case/-/header-case-2.0.4.tgz",
      "integrity": "sha512-H/vuk5TEEVZwrR0lp2zed9OCo1uAILMlx0JEMgC26rzyJJ3N1v6XkwHHXJQdR2doSjcGPM6OKPYoJgf0plJ11Q==",
      "license": "MIT",
      "dependencies": {
        "capital-case": "^1.0.4",
        "tslib": "^2.0.3"
      }
    },
    "node_modules/lower-case": {
      "version": "2.0.2",
      "resolved": "https://registry.npmjs.org/lower-case/-/lower-case-2.0.2.tgz",
      "integrity": "sha512-7fm3l3NAF9WfN6W3JOmf5drwpVqX78JtoGJ3A6W0a6ZnldM41w2fV5D490psKFTpMds8TJse/eHLFFsNHHjHgg==",
      "license": "MIT",
      "dependencies": {
        "tslib": "^2.0.3"
      }
    },
    "node_modules/no-case": {
      "version": "3.0.4",
      "resolved": "https://registry.npmjs.org/no-case/-/no-case-3.0.4.tgz",
      "integrity": "sha512-fgAN3jGAh+RoxUGZHTSOLJIqUc2wmoBwGR4tbpNAKmmovFoWq0OdRkb0VkldReO2a2iBT/OEulG9XSUc10r3zg==",
      "license": "MIT",
      "dependencies": {
        "lower-case": "^2.0.2",
        "tslib": "^2.0.3"
      }
    },
    "node_modules/param-case": {
      "version": "3.0.4",
      "resolved": "https://registry.npmjs.org/param-case/-/param-case-3.0.4.tgz",
      "integrity": "sha512-RXlj7zCYokReqWpOPH9oYivUzLYZ5vAPIfEmCTNViosC78F8F0H9y7T7gG2M39ymgutxF5gcFEsyZQSph9Bp3A==",
      "license": "MIT",
      "dependencies": {
        "dot-case": "^3.0.4",
        "tslib": "^2.0.3"
      }
    },
    "node_modules/pascal-case": {
      "version": "3.1.2",
      "resolved": "https://registry.npmjs.org/pascal-case/-/pascal-case-3.1.2.tgz",
      "integrity": "sha512-uWlGT3YSnK9x3BQJaOdcZwrnV6hPpd8jFH1/ucpiLRPh/2zCVJKS19E4GvYHvaCcACn3foXZ0cLB9Wrx1KGe5g==",
      "license": "MIT",
      "dependencies": {
        "no-case": "^3.0.4",
        "tslib": "^2.0.3"
      }
    },
    "node_modules/path-case": {
      "version": "3.0.4",
      "resolved": "https://registry.npmjs.org/path-case/-/path-case-3.0.4.tgz",
      "integrity": "sha512-qO4qCFjXqVTrcbPt/hQfhTQ+VhFsqNKOPtytgNKkKxSoEp3XPUQ8ObFuePylOIok5gjn69ry8XiULxCwot3Wfg==",
      "license": "MIT",
      "dependencies": {
        "dot-case": "^3.0.4",
        "tslib": "^2.0.3"
      }
    },
    "node_modules/sentence-case": {
      "version": "3.0.4",
      "resolved": "https://registry.npmjs.org/sentence-case/-/sentence-case-3.0.4.tgz",
      "integrity": "sha512-8LS0JInaQMCRoQ7YUytAo/xUu5W2XnQxV2HI/6uM6U7CITS1RqPElr30V6uIqyMKM9lJGRVFy5/4CuzcixNYSg==",
      "license": "MIT",
      "dependencies": {
        "no-case": "^3.0.4",
        "tslib": "^2.0.3",
        "upper-case-first": "^2.0.2"
      }
    },
    "node_modules/snake-case": {
      "version": "3.0.4",
      "resolved": "https://registry.npmjs.org/snake-case/-/snake-case-3.0.4.tgz",
      "integrity": "sha512-LAOh4z89bGQvl9pFfNF8V146i7o7/CqFPbqzYgP+yYzDIDeS9HaNFtXABamRW+AQzEVODcvE79ljJ+8a9YSdMg==",
      "license": "MIT",
      "dependencies": {
        "dot-case": "^3.0.4",
        "tslib": "^2.0.3"
      }
    },
    "node_modules/throttle-debounce": {
      "version": "2.3.0",
      "resolved": "https://registry.npmjs.org/throttle-debounce/-/throttle-debounce-2.3.0.tgz",
      "integrity": "sha512-H7oLPV0P7+jgvrk+6mwwwBDmxTaxnu9HMXmloNLXwnNO0ZxZ31Orah2n8lU1eMPvsaowP2CX+USCgyovXfdOFQ==",
      "license": "MIT",
      "engines": {
        "node": ">=8"
      }
    },
    "node_modules/tslib": {
      "version": "2.8.1",
      "resolved": "https://registry.npmjs.org/tslib/-/tslib-2.8.1.tgz",
      "integrity": "sha512-oJFu94HQb+KVduSUQL7wnpmqnfmLsOA/nAh6b6EH0wCEoK0/mPeXU6c3wKDV83MkOuHPRHtSXKKU99IBazS/2w==",
      "license": "0BSD"
    },
    "node_modules/upper-case": {
      "version": "2.0.2",
      "resolved": "https://registry.npmjs.org/upper-case/-/upper-case-2.0.2.tgz",
      "integrity": "sha512-KgdgDGJt2TpuwBUIjgG6lzw2GWFRCW9Qkfkiv0DxqHHLYJHmtmdUIKcZd8rHgFSjopVTlw6ggzCm1b8MFQwikg==",
      "license": "MIT",
      "dependencies": {
        "tslib": "^2.0.3"
      }
    },
    "node_modules/upper-case-first": {
      "version": "2.0.2",
      "resolved": "https://registry.npmjs.org/upper-case-first/-/upper-case-first-2.0.2.tgz",
      "integrity": "sha512-514ppYHBaKwfJRK/pNC6c/OxfGa0obSnAl106u97Ed0I625Nin96KAjttZF6ZL3e1XLtphxnqrOi9iWgm+u+bg==",
      "license": "MIT",
      "dependencies": {
        "tslib": "^2.0.3"
      }
    }
  }
}
